
Microsoft Visual Studio Solution File, Format Version 12.00
# Visual Studio Version 17
VisualStudioVersion = 17.0.31903.59
MinimumVisualStudioVersion = 10.0.40219.1
Project("{2150E333-8FDC-42A3-9474-1A3956D46DE8}") = "src", "src", "{D5F2AD8E-DAD0-434D-BCC6-CA91CD02EDAC}"
	ProjectSection(SolutionItems) = preProject
		docker-compose.yml = docker-compose.yml
	EndProjectSection
EndProject
Project("{9A19103F-16F7-4668-BE54-9A1E7A4F7556}") = "AuctionServiceNew", "src\AuctionServiceNew\AuctionServiceNew.csproj", "{F9DC00A6-4817-46FD-BC30-81F5F42801E9}"
EndProject
Global
	GlobalSection(SolutionConfigurationPlatforms) = preSolution
		Debug|Any CPU = Debug|Any CPU
		Release|Any CPU = Release|Any CPU
	EndGlobalSection
	GlobalSection(ProjectConfigurationPlatforms) = postSolution
		{F9DC00A6-4817-46FD-BC30-81F5F42801E9}.Debug|Any CPU.ActiveCfg = Debug|Any CPU
		{F9DC00A6-4817-46FD-BC30-81F5F42801E9}.Debug|Any CPU.Build.0 = Debug|Any CPU
		{F9DC00A6-4817-46FD-BC30-81F5F42801E9}.Release|Any CPU.ActiveCfg = Release|Any CPU
		{F9DC00A6-4817-46FD-BC30-81F5F42801E9}.Release|Any CPU.Build.0 = Release|Any CPU
	EndGlobalSection
	GlobalSection(SolutionProperties) = preSolution
		HideSolutionNode = FALSE
	EndGlobalSection
	GlobalSection(NestedProjects) = preSolution
		{F9DC00A6-4817-46FD-BC30-81F5F42801E9} = {D5F2AD8E-DAD0-434D-BCC6-CA91CD02EDAC}
	EndGlobalSection
	GlobalSection(ExtensibilityGlobals) = postSolution
		SolutionGuid = {8C9F9036-3DC2-470C-8C56-667ECCA43161}
	EndGlobalSection
EndGlobal
